
Microsoft Visual Studio Solution File, Format Version 12.00
# Visual Studio Version 16
VisualStudioVersion = 25.0.1704.0
MinimumVisualStudioVersion = 10.0.40219.1
Project("{FAE04EC0-301F-11D3-BF4B-00C04F79EFBC}") = "Advent2022", "Advent2022.csproj", "{21BF4156-17D5-4513-A2FD-B0CCCCC4FF38}"
EndProject
Project("{FAE04EC0-301F-11D3-BF4B-00C04F79EFBC}") = "Advent2015", "..\Advent2015\Advent2015.csproj", "{B2838AB0-EB64-46F6-991F-182A9A463FA7}"
EndProject
Global
	GlobalSection(SolutionConfigurationPlatforms) = preSolution
		Debug|Any CPU = Debug|Any CPU
		Release|Any CPU = Release|Any CPU
	EndGlobalSection
	GlobalSection(ProjectConfigurationPlatforms) = postSolution
		{21BF4156-17D5-4513-A2FD-B0CCCCC4FF38}.Debug|Any CPU.ActiveCfg = Debug|Any CPU
		{21BF4156-17D5-4513-A2FD-B0CCCCC4FF38}.Debug|Any CPU.Build.0 = Debug|Any CPU
		{21BF4156-17D5-4513-A2FD-B0CCCCC4FF38}.Release|Any CPU.ActiveCfg = Release|Any CPU
		{21BF4156-17D5-4513-A2FD-B0CCCCC4FF38}.Release|Any CPU.Build.0 = Release|Any CPU
		{B2838AB0-EB64-46F6-991F-182A9A463FA7}.Debug|Any CPU.ActiveCfg = Debug|Any CPU
		{B2838AB0-EB64-46F6-991F-182A9A463FA7}.Debug|Any CPU.Build.0 = Debug|Any CPU
		{B2838AB0-EB64-46F6-991F-182A9A463FA7}.Release|Any CPU.ActiveCfg = Release|Any CPU
		{B2838AB0-EB64-46F6-991F-182A9A463FA7}.Release|Any CPU.Build.0 = Release|Any CPU
	EndGlobalSection
	GlobalSection(SolutionProperties) = preSolution
		HideSolutionNode = FALSE
	EndGlobalSection
	GlobalSection(ExtensibilityGlobals) = postSolution
		SolutionGuid = {E77F20EB-9829-454C-9913-5DDE73592EB7}
	EndGlobalSection
EndGlobal
