
Microsoft Visual Studio Solution File, Format Version 12.00
# Visual Studio Version 16
VisualStudioVersion = 25.0.1704.0
MinimumVisualStudioVersion = 10.0.40219.1
Project("{FAE04EC0-301F-11D3-BF4B-00C04F79EFBC}") = "Blazor_Server_App", "Blazor_Server_App\Blazor_Server_App.csproj", "{5C0634C0-5A80-446A-985F-9EC7DF77A2A2}"
EndProject
Project("{FAE04EC0-301F-11D3-BF4B-00C04F79EFBC}") = "Blazor_Models", "Blazor_Models\Blazor_Models.csproj", "{F2FAC3C7-8D4E-40EC-9F79-AEFEE0ABE874}"
EndProject
Project("{FAE04EC0-301F-11D3-BF4B-00C04F79EFBC}") = "Blazor_Business", "Blazor_Business\Blazor_Business.csproj", "{ED757A04-A67B-4C01-85F7-5D6561F5860B}"
EndProject
Project("{FAE04EC0-301F-11D3-BF4B-00C04F79EFBC}") = "Blazor_Common", "Blazor_Common\Blazor_Common.csproj", "{02B921B7-B23A-4230-B130-2073847404A9}"
EndProject
Project("{FAE04EC0-301F-11D3-BF4B-00C04F79EFBC}") = "Blazor_Infrastructure", "Blazor_Infrastructure\Blazor_Infrastructure.csproj", "{C6A5A493-F4B8-42B5-BF0B-56F780B1CD60}"
EndProject
Global
	GlobalSection(SolutionConfigurationPlatforms) = preSolution
		Debug|Any CPU = Debug|Any CPU
		Release|Any CPU = Release|Any CPU
	EndGlobalSection
	GlobalSection(ProjectConfigurationPlatforms) = postSolution
		{5C0634C0-5A80-446A-985F-9EC7DF77A2A2}.Debug|Any CPU.ActiveCfg = Debug|Any CPU
		{5C0634C0-5A80-446A-985F-9EC7DF77A2A2}.Debug|Any CPU.Build.0 = Debug|Any CPU
		{5C0634C0-5A80-446A-985F-9EC7DF77A2A2}.Release|Any CPU.ActiveCfg = Release|Any CPU
		{5C0634C0-5A80-446A-985F-9EC7DF77A2A2}.Release|Any CPU.Build.0 = Release|Any CPU
		{F2FAC3C7-8D4E-40EC-9F79-AEFEE0ABE874}.Debug|Any CPU.ActiveCfg = Debug|Any CPU
		{F2FAC3C7-8D4E-40EC-9F79-AEFEE0ABE874}.Debug|Any CPU.Build.0 = Debug|Any CPU
		{F2FAC3C7-8D4E-40EC-9F79-AEFEE0ABE874}.Release|Any CPU.ActiveCfg = Release|Any CPU
		{F2FAC3C7-8D4E-40EC-9F79-AEFEE0ABE874}.Release|Any CPU.Build.0 = Release|Any CPU
		{ED757A04-A67B-4C01-85F7-5D6561F5860B}.Debug|Any CPU.ActiveCfg = Debug|Any CPU
		{ED757A04-A67B-4C01-85F7-5D6561F5860B}.Debug|Any CPU.Build.0 = Debug|Any CPU
		{ED757A04-A67B-4C01-85F7-5D6561F5860B}.Release|Any CPU.ActiveCfg = Release|Any CPU
		{ED757A04-A67B-4C01-85F7-5D6561F5860B}.Release|Any CPU.Build.0 = Release|Any CPU
		{02B921B7-B23A-4230-B130-2073847404A9}.Debug|Any CPU.ActiveCfg = Debug|Any CPU
		{02B921B7-B23A-4230-B130-2073847404A9}.Debug|Any CPU.Build.0 = Debug|Any CPU
		{02B921B7-B23A-4230-B130-2073847404A9}.Release|Any CPU.ActiveCfg = Release|Any CPU
		{02B921B7-B23A-4230-B130-2073847404A9}.Release|Any CPU.Build.0 = Release|Any CPU
		{C6A5A493-F4B8-42B5-BF0B-56F780B1CD60}.Debug|Any CPU.ActiveCfg = Debug|Any CPU
		{C6A5A493-F4B8-42B5-BF0B-56F780B1CD60}.Debug|Any CPU.Build.0 = Debug|Any CPU
		{C6A5A493-F4B8-42B5-BF0B-56F780B1CD60}.Release|Any CPU.ActiveCfg = Release|Any CPU
		{C6A5A493-F4B8-42B5-BF0B-56F780B1CD60}.Release|Any CPU.Build.0 = Release|Any CPU
	EndGlobalSection
	GlobalSection(SolutionProperties) = preSolution
		HideSolutionNode = FALSE
	EndGlobalSection
	GlobalSection(ExtensibilityGlobals) = postSolution
		SolutionGuid = {1D04C61B-558E-4505-8BB8-2B00A8FB1B50}
	EndGlobalSection
EndGlobal
